
Microsoft Visual Studio Solution File, Format Version 12.00
# Visual Studio Version 17
VisualStudioVersion = 17.13.35806.99
MinimumVisualStudioVersion = 10.0.40219.1
Project("{FAE04EC0-301F-11D3-BF4B-00C04F79EFBC}") = "Task1", "Task1\Task1.csproj", "{244E5358-807C-4671-8253-C91411078BF2}"
EndProject
Project("{FAE04EC0-301F-11D3-BF4B-00C04F79EFBC}") = "Task2", "Task2\Task2.csproj", "{80174B56-DE3C-4227-9523-CE7689B6BEE0}"
EndProject
Global
	GlobalSection(SolutionConfigurationPlatforms) = preSolution
		Debug|Any CPU = Debug|Any CPU
		Release|Any CPU = Release|Any CPU
	EndGlobalSection
	GlobalSection(ProjectConfigurationPlatforms) = postSolution
		{244E5358-807C-4671-8253-C91411078BF2}.Debug|Any CPU.ActiveCfg = Debug|Any CPU
		{244E5358-807C-4671-8253-C91411078BF2}.Debug|Any CPU.Build.0 = Debug|Any CPU
		{244E5358-807C-4671-8253-C91411078BF2}.Release|Any CPU.ActiveCfg = Release|Any CPU
		{244E5358-807C-4671-8253-C91411078BF2}.Release|Any CPU.Build.0 = Release|Any CPU
		{80174B56-DE3C-4227-9523-CE7689B6BEE0}.Debug|Any CPU.ActiveCfg = Debug|Any CPU
		{80174B56-DE3C-4227-9523-CE7689B6BEE0}.Debug|Any CPU.Build.0 = Debug|Any CPU
		{80174B56-DE3C-4227-9523-CE7689B6BEE0}.Release|Any CPU.ActiveCfg = Release|Any CPU
		{80174B56-DE3C-4227-9523-CE7689B6BEE0}.Release|Any CPU.Build.0 = Release|Any CPU
	EndGlobalSection
	GlobalSection(SolutionProperties) = preSolution
		HideSolutionNode = FALSE
	EndGlobalSection
	GlobalSection(ExtensibilityGlobals) = postSolution
		SolutionGuid = {432126FC-87AD-4A77-BFF9-BCEC5F213C48}
	EndGlobalSection
EndGlobal
